
Microsoft Visual Studio Solution File, Format Version 12.00
# Visual Studio Version 16
VisualStudioVersion = 16.0.28922.388
MinimumVisualStudioVersion = 10.0.40219.1
Project("{FAE04EC0-301F-11D3-BF4B-00C04F79EFBC}") = "vsAbfTester", "vsAbfTester.csproj", "{3ABB6674-ABB0-43F8-94F3-A144AF617285}"
EndProject
Project("{FAE04EC0-301F-11D3-BF4B-00C04F79EFBC}") = "vsABF", "..\..\src\vsABF\vsABF.csproj", "{7DE71FFF-88B5-4E6D-A09B-ADB4C89A249D}"
EndProject
Project("{FAE04EC0-301F-11D3-BF4B-00C04F79EFBC}") = "AbfNavigator2", "..\..\..\..\..\Source\Repos\AbfNavigator2\AbfNavigator2.csproj", "{A99519A8-B93D-42C9-899D-E538E062F460}"
EndProject
Global
	GlobalSection(SolutionConfigurationPlatforms) = preSolution
		Debug|Any CPU = Debug|Any CPU
		Release|Any CPU = Release|Any CPU
	EndGlobalSection
	GlobalSection(ProjectConfigurationPlatforms) = postSolution
		{3ABB6674-ABB0-43F8-94F3-A144AF617285}.Debug|Any CPU.ActiveCfg = Debug|Any CPU
		{3ABB6674-ABB0-43F8-94F3-A144AF617285}.Debug|Any CPU.Build.0 = Debug|Any CPU
		{3ABB6674-ABB0-43F8-94F3-A144AF617285}.Release|Any CPU.ActiveCfg = Release|Any CPU
		{3ABB6674-ABB0-43F8-94F3-A144AF617285}.Release|Any CPU.Build.0 = Release|Any CPU
		{7DE71FFF-88B5-4E6D-A09B-ADB4C89A249D}.Debug|Any CPU.ActiveCfg = Debug|Any CPU
		{7DE71FFF-88B5-4E6D-A09B-ADB4C89A249D}.Debug|Any CPU.Build.0 = Debug|Any CPU
		{7DE71FFF-88B5-4E6D-A09B-ADB4C89A249D}.Release|Any CPU.ActiveCfg = Release|Any CPU
		{7DE71FFF-88B5-4E6D-A09B-ADB4C89A249D}.Release|Any CPU.Build.0 = Release|Any CPU
		{A99519A8-B93D-42C9-899D-E538E062F460}.Debug|Any CPU.ActiveCfg = Debug|Any CPU
		{A99519A8-B93D-42C9-899D-E538E062F460}.Debug|Any CPU.Build.0 = Debug|Any CPU
		{A99519A8-B93D-42C9-899D-E538E062F460}.Release|Any CPU.ActiveCfg = Release|Any CPU
		{A99519A8-B93D-42C9-899D-E538E062F460}.Release|Any CPU.Build.0 = Release|Any CPU
	EndGlobalSection
	GlobalSection(SolutionProperties) = preSolution
		HideSolutionNode = FALSE
	EndGlobalSection
	GlobalSection(ExtensibilityGlobals) = postSolution
		SolutionGuid = {F51FE1BC-DF18-4B41-AFFE-C4EE019C6663}
	EndGlobalSection
EndGlobal
