
Microsoft Visual Studio Solution File, Format Version 12.00
# Visual Studio 15
VisualStudioVersion = 15.0.28010.2016
MinimumVisualStudioVersion = 10.0.40219.1
Project("{FAE04EC0-301F-11D3-BF4B-00C04F79EFBC}") = "AxonDLL", "AxonDLL\AxonDLL.csproj", "{4AC2431C-2CF7-4BE5-9BA8-4776E0A368A9}"
EndProject
Project("{FAE04EC0-301F-11D3-BF4B-00C04F79EFBC}") = "Demo1", "Demo1\Demo1.csproj", "{F00A4C2B-B2B6-40C9-AB7C-5FEF015B2FCA}"
EndProject
Project("{FAE04EC0-301F-11D3-BF4B-00C04F79EFBC}") = "ScottPlot", "ScottPlot\ScottPlot.csproj", "{146D9444-8D80-4049-AB17-55AE852F59E3}"
EndProject
Global
	GlobalSection(SolutionConfigurationPlatforms) = preSolution
		Debug|Any CPU = Debug|Any CPU
		Release|Any CPU = Release|Any CPU
	EndGlobalSection
	GlobalSection(ProjectConfigurationPlatforms) = postSolution
		{4AC2431C-2CF7-4BE5-9BA8-4776E0A368A9}.Debug|Any CPU.ActiveCfg = Debug|Any CPU
		{4AC2431C-2CF7-4BE5-9BA8-4776E0A368A9}.Debug|Any CPU.Build.0 = Debug|Any CPU
		{4AC2431C-2CF7-4BE5-9BA8-4776E0A368A9}.Release|Any CPU.ActiveCfg = Release|Any CPU
		{4AC2431C-2CF7-4BE5-9BA8-4776E0A368A9}.Release|Any CPU.Build.0 = Release|Any CPU
		{F00A4C2B-B2B6-40C9-AB7C-5FEF015B2FCA}.Debug|Any CPU.ActiveCfg = Debug|Any CPU
		{F00A4C2B-B2B6-40C9-AB7C-5FEF015B2FCA}.Debug|Any CPU.Build.0 = Debug|Any CPU
		{F00A4C2B-B2B6-40C9-AB7C-5FEF015B2FCA}.Release|Any CPU.ActiveCfg = Release|Any CPU
		{F00A4C2B-B2B6-40C9-AB7C-5FEF015B2FCA}.Release|Any CPU.Build.0 = Release|Any CPU
		{146D9444-8D80-4049-AB17-55AE852F59E3}.Debug|Any CPU.ActiveCfg = Debug|Any CPU
		{146D9444-8D80-4049-AB17-55AE852F59E3}.Debug|Any CPU.Build.0 = Debug|Any CPU
		{146D9444-8D80-4049-AB17-55AE852F59E3}.Release|Any CPU.ActiveCfg = Release|Any CPU
		{146D9444-8D80-4049-AB17-55AE852F59E3}.Release|Any CPU.Build.0 = Release|Any CPU
	EndGlobalSection
	GlobalSection(SolutionProperties) = preSolution
		HideSolutionNode = FALSE
	EndGlobalSection
	GlobalSection(ExtensibilityGlobals) = postSolution
		SolutionGuid = {53BF042B-50E6-4E68-A175-B5263FA44224}
	EndGlobalSection
EndGlobal
