
Microsoft Visual Studio Solution File, Format Version 12.00
# Visual Studio 15
VisualStudioVersion = 15.0.27703.2026
MinimumVisualStudioVersion = 10.0.40219.1
Project("{FAE04EC0-301F-11D3-BF4B-00C04F79EFBC}") = "vsABF", "vsABF\vsABF.csproj", "{FCF64C5D-B116-4A57-A998-67F5D637A0E1}"
EndProject
Project("{FAE04EC0-301F-11D3-BF4B-00C04F79EFBC}") = "testForm", "testForm\testForm.csproj", "{1C4B31E8-EB43-461E-87DF-C7652A53556A}"
EndProject
Project("{FAE04EC0-301F-11D3-BF4B-00C04F79EFBC}") = "abfViewer", "abfViewer\abfViewer.csproj", "{5DC8E081-E42F-40ED-91C6-2CD0388B69DD}"
EndProject
Project("{FAE04EC0-301F-11D3-BF4B-00C04F79EFBC}") = "ScottPlot", "..\..\ScottPlot\src\ScottPlot\ScottPlot.csproj", "{146D9444-8D80-4049-AB17-55AE852F59E3}"
EndProject
Global
	GlobalSection(SolutionConfigurationPlatforms) = preSolution
		Debug|Any CPU = Debug|Any CPU
		Release|Any CPU = Release|Any CPU
	EndGlobalSection
	GlobalSection(ProjectConfigurationPlatforms) = postSolution
		{FCF64C5D-B116-4A57-A998-67F5D637A0E1}.Debug|Any CPU.ActiveCfg = Debug|Any CPU
		{FCF64C5D-B116-4A57-A998-67F5D637A0E1}.Debug|Any CPU.Build.0 = Debug|Any CPU
		{FCF64C5D-B116-4A57-A998-67F5D637A0E1}.Release|Any CPU.ActiveCfg = Release|Any CPU
		{FCF64C5D-B116-4A57-A998-67F5D637A0E1}.Release|Any CPU.Build.0 = Release|Any CPU
		{1C4B31E8-EB43-461E-87DF-C7652A53556A}.Debug|Any CPU.ActiveCfg = Debug|Any CPU
		{1C4B31E8-EB43-461E-87DF-C7652A53556A}.Debug|Any CPU.Build.0 = Debug|Any CPU
		{1C4B31E8-EB43-461E-87DF-C7652A53556A}.Release|Any CPU.ActiveCfg = Release|Any CPU
		{1C4B31E8-EB43-461E-87DF-C7652A53556A}.Release|Any CPU.Build.0 = Release|Any CPU
		{5DC8E081-E42F-40ED-91C6-2CD0388B69DD}.Debug|Any CPU.ActiveCfg = Debug|Any CPU
		{5DC8E081-E42F-40ED-91C6-2CD0388B69DD}.Debug|Any CPU.Build.0 = Debug|Any CPU
		{5DC8E081-E42F-40ED-91C6-2CD0388B69DD}.Release|Any CPU.ActiveCfg = Release|Any CPU
		{5DC8E081-E42F-40ED-91C6-2CD0388B69DD}.Release|Any CPU.Build.0 = Release|Any CPU
		{146D9444-8D80-4049-AB17-55AE852F59E3}.Debug|Any CPU.ActiveCfg = Debug|Any CPU
		{146D9444-8D80-4049-AB17-55AE852F59E3}.Debug|Any CPU.Build.0 = Debug|Any CPU
		{146D9444-8D80-4049-AB17-55AE852F59E3}.Release|Any CPU.ActiveCfg = Release|Any CPU
		{146D9444-8D80-4049-AB17-55AE852F59E3}.Release|Any CPU.Build.0 = Release|Any CPU
	EndGlobalSection
	GlobalSection(SolutionProperties) = preSolution
		HideSolutionNode = FALSE
	EndGlobalSection
	GlobalSection(ExtensibilityGlobals) = postSolution
		SolutionGuid = {0C6224ED-1669-4CF4-AB02-C853FB427949}
	EndGlobalSection
EndGlobal
